PODS:
  - VegaScrollFlowLayout (1.0)

DEPENDENCIES:
  - VegaScrollFlowLayout (from `../`)

EXTERNAL SOURCES:
  VegaScrollFlowLayout:
    :path: "../"

SPEC CHECKSUMS:
  VegaScrollFlowLayout: 0e2414d973dfdee9f67583f01736ed44f1da334d

PODFILE CHECKSUM: c01f93a380535fe8c2949d73fc79381fe949a6fc

COCOAPODS: 1.2.1
